
Microsoft Visual Studio Solution File, Format Version 12.00
# Visual Studio Version 17
VisualStudioVersion = 17.10.35122.118
MinimumVisualStudioVersion = 10.0.40219.1
Project("{FAE04EC0-301F-11D3-BF4B-00C04F79EFBC}") = "Studentportal.Web", "Studentportal.Web\Studentportal.Web.csproj", "{BB49D33A-AE61-4A47-A1C2-B781234687EB}"
EndProject
Global
	GlobalSection(SolutionConfigurationPlatforms) = preSolution
		Debug|Any CPU = Debug|Any CPU
		Release|Any CPU = Release|Any CPU
	EndGlobalSection
	GlobalSection(ProjectConfigurationPlatforms) = postSolution
		{BB49D33A-AE61-4A47-A1C2-B781234687EB}.Debug|Any CPU.ActiveCfg = Debug|Any CPU
		{BB49D33A-AE61-4A47-A1C2-B781234687EB}.Debug|Any CPU.Build.0 = Debug|Any CPU
		{BB49D33A-AE61-4A47-A1C2-B781234687EB}.Release|Any CPU.ActiveCfg = Release|Any CPU
		{BB49D33A-AE61-4A47-A1C2-B781234687EB}.Release|Any CPU.Build.0 = Release|Any CPU
	EndGlobalSection
	GlobalSection(SolutionProperties) = preSolution
		HideSolutionNode = FALSE
	EndGlobalSection
	GlobalSection(ExtensibilityGlobals) = postSolution
		SolutionGuid = {B37E06FA-B8ED-48CF-AEC2-C341A2646419}
	EndGlobalSection
EndGlobal
